{
  "name": "Planet X Expansion",
  "version": "1.0.0",
  "lockfileVersion": 1,
  "requires": true,
  "dependencies": {
    "@capacitor/core": {
      "version": "2.4.7",
      "resolved": "https://registry.npmjs.org/@capacitor/core/-/core-2.4.7.tgz",
      "integrity": "sha512-ZPzXXQ4EPwR/ZhNDkmlxyzw4FvquIl/ROj8HMMM0MEd4xZfM8ulNGPIL6br9TWdlFLGBKq40eymPZjKaivGnig==",
      "requires": {
        "tslib": "^1.9.0"
      }
    },
    "@capacitor/electron": {
      "version": "2.4.7",
      "resolved": "https://registry.npmjs.org/@capacitor/electron/-/electron-2.4.7.tgz",
      "integrity": "sha512-V+yw1/RFQ1TpVoZbN8kACyYIVSTL+CkQCaoTMSjpOMV7U2Du6cN4YQ0HgrQdpvfoSNlt0YOhamA0pRoYg9AoMg==",
      "requires": {
        "@capacitor/core": "^2.4.7"
      }
    },
    "tslib": {
      "version": "1.14.1",
      "resolved": "https://registry.npmjs.org/tslib/-/tslib-1.14.1.tgz",
      "integrity": "sha512-Xni35NKzjgMrwevysHTCArtLDpPvye8zV/0E4EyYn43P7/7qvQwPh9BGkHewbMulVntbigmcT7rdX3BNo9wRJg=="
    }
  }
}
